{
  "name": "exmaple",
  "version": "1.0.0",
  "lockfileVersion": 1,
  "requires": true,
  "dependencies": {
    "wefetch": {
      "version": "1.2.6",
      "resolved": "https://registry.npmjs.org/wefetch/-/wefetch-1.2.6.tgz",
      "integrity": "sha512-Dz4O7nTt23/G3AtlSNXiXFMJLEvIExo/N1jziQIMYWGAKr3tn+PmGl/wNc+DSAimXyfa6vubwFkj1Vj3/4IgTg=="
    }
  }
}
