{
  "name": "exmaple",
  "version": "1.0.0",
  "lockfileVersion": 1,
  "requires": true,
  "dependencies": {
    "wefetch": {
      "version": "1.2.5",
      "resolved": "https://registry.npmjs.org/wefetch/-/wefetch-1.2.5.tgz",
      "integrity": "sha512-ijHzlZ7xH2/r4S0o8HePK5oNnNBMy5I1lap26PwjD8ho5jN0rMcsmMgsQqjKUSCUGY0Qrv/MjsgEOXZVlLZheQ=="
    }
  }
}
