{
  "name": "exmaple",
  "version": "1.0.0",
  "lockfileVersion": 1,
  "requires": true,
  "dependencies": {
    "vant-weapp": {
      "version": "0.5.12",
      "resolved": "https://registry.npmjs.org/vant-weapp/-/vant-weapp-0.5.12.tgz",
      "integrity": "sha512-2hUvczdSLuSMQW4wboaQQlJAXnlXxbBp+vSBXs0SZfs99a1Ul/INumZPZgzZOGtwVRrQvLR9NXw2ogacsxGEnw=="
    },
    "wefetch": {
      "version": "1.2.4",
      "resolved": "https://registry.npmjs.org/wefetch/-/wefetch-1.2.4.tgz",
      "integrity": "sha512-LpAYC+ff8QORfj3IUEFv9JEeeByxLl03NIV+X1rolmFG+0YH0Q86+t7WvJeBgSdUuPaPlN0hNhVcFAk96FBR3g=="
    }
  }
}
