{
  "name": "pages",
  "version": "1.0.0",
  "lockfileVersion": 1,
  "requires": true,
  "dependencies": {
    "wefetch": {
      "version": "1.0.5",
      "resolved": "https://registry.npmjs.org/wefetch/-/wefetch-1.0.5.tgz",
      "integrity": "sha512-YAAFHG6yirqSUU+lJ+eOaAtwoOze8Tcaf47Zc54tRlRYwJ+Z4t5v3wpUs9572W+7mLzd8gfYlxANgPGaTyN9UA=="
    }
  }
}
