{
  "name": "miniprogram-ts-less-quickstart",
  "version": "1.0.0",
  "lockfileVersion": 2,
  "requires": true,
  "packages": {
    "": {
      "name": "miniprogram-ts-less-quickstart",
      "version": "1.0.0",
      "dependencies": {
        "wefetch": "^2.0.0-alpha.1"
      },
      "devDependencies": {
        "miniprogram-api-typings": "^2.8.3-1"
      }
    },
    "node_modules/miniprogram-api-typings": {
      "version": "2.12.0",
      "resolved": "https://registry.npmjs.org/miniprogram-api-typings/-/miniprogram-api-typings-2.12.0.tgz",
      "integrity": "sha512-ibvbqeslVFur0IAvTxLMvsbtvVcMo6gwvOnj0YZHV7aeDLu091VQRrETT2QuiG9P6aZWRcxeNGJChRKVPCp9VQ==",
      "dev": true
    },
    "node_modules/wefetch": {
      "version": "2.0.0-alpha.1",
      "resolved": "https://registry.npmjs.org/wefetch/-/wefetch-2.0.0-alpha.1.tgz",
      "integrity": "sha512-mVaEFjMZII+Abj1ukusdp60zPTDoJQBLTRdOl/6mhkVuD6zdLa1gMJVTUSQ8NeL6sR2b4ueAh+yoS48glKXC0g=="
    }
  },
  "dependencies": {
    "miniprogram-api-typings": {
      "version": "2.12.0",
      "resolved": "https://registry.npmjs.org/miniprogram-api-typings/-/miniprogram-api-typings-2.12.0.tgz",
      "integrity": "sha512-ibvbqeslVFur0IAvTxLMvsbtvVcMo6gwvOnj0YZHV7aeDLu091VQRrETT2QuiG9P6aZWRcxeNGJChRKVPCp9VQ==",
      "dev": true
    },
    "wefetch": {
      "version": "2.0.0-alpha.1",
      "resolved": "https://registry.npmjs.org/wefetch/-/wefetch-2.0.0-alpha.1.tgz",
      "integrity": "sha512-mVaEFjMZII+Abj1ukusdp60zPTDoJQBLTRdOl/6mhkVuD6zdLa1gMJVTUSQ8NeL6sR2b4ueAh+yoS48glKXC0g=="
    }
  }
}
