{
  "name": "wechat-fetch",
  "version": "1.0.0",
  "lockfileVersion": 1,
  "requires": true,
  "dependencies": {
    "wefetch": {
      "version": "1.0.3",
      "resolved": "https://registry.npmjs.org/wefetch/-/wefetch-1.0.3.tgz",
      "integrity": "sha512-MAeMWKyQ38jincEsSH4Ax/mjS2vsJmosi7/m7utMCulA7HG10EC3YvsX22ExBsadam/YCLaySK7sBV2itYMw6g=="
    }
  }
}
