{
  "name": "Mini-Program",
  "version": "1.0.0",
  "lockfileVersion": 1,
  "requires": true,
  "dependencies": {
    "wefetch": {
      "version": "1.0.7",
      "resolved": "https://registry.npmjs.org/wefetch/-/wefetch-1.0.7.tgz",
      "integrity": "sha512-VB24Xdf2/RdTlIc7rKfdzygkZhXejEz3RcvmvoL1GUGqi8IXPafgSxwXlYoiBSzIDoz1V2KabMfNAv1mKhQFeg=="
    }
  }
}
